
Microsoft Visual Studio Solution File, Format Version 12.00
# Visual Studio Version 16
VisualStudioVersion = 16.0.29418.71
MinimumVisualStudioVersion = 10.0.40219.1
Project("{FAE04EC0-301F-11D3-BF4B-00C04F79EFBC}") = "SportProtocolApp", "SportProtocolApp\SportProtocolApp.csproj", "{8C7DB7C6-679F-402B-9DA9-FC0CF90BFEB2}"
EndProject
Global
	GlobalSection(SolutionConfigurationPlatforms) = preSolution
		Debug|Any CPU = Debug|Any CPU
		Release|Any CPU = Release|Any CPU
	EndGlobalSection
	GlobalSection(ProjectConfigurationPlatforms) = postSolution
		{8C7DB7C6-679F-402B-9DA9-FC0CF90BFEB2}.Debug|Any CPU.ActiveCfg = Debug|Any CPU
		{8C7DB7C6-679F-402B-9DA9-FC0CF90BFEB2}.Debug|Any CPU.Build.0 = Debug|Any CPU
		{8C7DB7C6-679F-402B-9DA9-FC0CF90BFEB2}.Release|Any CPU.ActiveCfg = Release|Any CPU
		{8C7DB7C6-679F-402B-9DA9-FC0CF90BFEB2}.Release|Any CPU.Build.0 = Release|Any CPU
	EndGlobalSection
	GlobalSection(SolutionProperties) = preSolution
		HideSolutionNode = FALSE
	EndGlobalSection
	GlobalSection(ExtensibilityGlobals) = postSolution
		SolutionGuid = {6140E3F5-32B3-4B6C-80C3-68FB246D0797}
	EndGlobalSection
EndGlobal
